
Microsoft Visual Studio Solution File, Format Version 12.00
# Visual Studio Version 17
VisualStudioVersion = 17.7.34221.43
MinimumVisualStudioVersion = 10.0.40219.1
Project("{FAE04EC0-301F-11D3-BF4B-00C04F79EFBC}") = "FimesApi.Net6", "FimesApi.Net6\FimesApi.Net6.csproj", "{365637F6-1E07-4591-8547-92313C76F3EE}"
EndProject
Global
	GlobalSection(SolutionConfigurationPlatforms) = preSolution
		Debug|Any CPU = Debug|Any CPU
		Release|Any CPU = Release|Any CPU
	EndGlobalSection
	GlobalSection(ProjectConfigurationPlatforms) = postSolution
		{365637F6-1E07-4591-8547-92313C76F3EE}.Debug|Any CPU.ActiveCfg = Debug|Any CPU
		{365637F6-1E07-4591-8547-92313C76F3EE}.Debug|Any CPU.Build.0 = Debug|Any CPU
		{365637F6-1E07-4591-8547-92313C76F3EE}.Release|Any CPU.ActiveCfg = Release|Any CPU
		{365637F6-1E07-4591-8547-92313C76F3EE}.Release|Any CPU.Build.0 = Release|Any CPU
	EndGlobalSection
	GlobalSection(SolutionProperties) = preSolution
		HideSolutionNode = FALSE
	EndGlobalSection
	GlobalSection(ExtensibilityGlobals) = postSolution
		SolutionGuid = {31C62B95-23C0-419E-81AF-4218C6305DB3}
	EndGlobalSection
EndGlobal
